// !$*UTF8*$!
{
	archiveVersion = 1;
	classes = {
	};
	objectVersion = 50;
	objects = {

/* Begin PBXBuildFile section */
		1C457EEF2135F6E100D61DC6 /* AppDelegate.swift in Sources */ = {isa = PBXBuildFile; fileRef = 1C457EEE2135F6E100D61DC6 /* AppDelegate.swift */; };
		1C457EF62135F6E100D61DC6 /* Assets.xcassets in Resources */ = {isa = PBXBuildFile; fileRef = 1C457EF52135F6E100D61DC6 /* Assets.xcassets */; };
		1C457EF92135F6E100D61DC6 /* LaunchScreen.storyboard in Resources */ = {isa = PBXBuildFile; fileRef = 1C457EF72135F6E100D61DC6 /* LaunchScreen.storyboard */; };
		1C457F0F2136171100D61DC6 /* Main.storyboard in Resources */ = {isa = PBXBuildFile; fileRef = 1C457F0E2136171100D61DC6 /* Main.storyboard */; };
		1C457F13213617CD00D61DC6 /* AlarmListTableViewController.swift in Sources */ = {isa = PBXBuildFile; fileRef = 1C457F12213617CD00D61DC6 /* AlarmListTableViewController.swift */; };
		1C457F152136183000D61DC6 /* AlarmDetailTableViewController.swift in Sources */ = {isa = PBXBuildFile; fileRef = 1C457F142136183000D61DC6 /* AlarmDetailTableViewController.swift */; };
		1C457F17213618D700D61DC6 /* SwitchTableViewCell.swift in Sources */ = {isa = PBXBuildFile; fileRef = 1C457F16213618D700D61DC6 /* SwitchTableViewCell.swift */; };
		1C457F1921361B1100D61DC6 /* Alarm.swift in Sources */ = {isa = PBXBuildFile; fileRef = 1C457F1821361B1100D61DC6 /* Alarm.swift */; };
		1C75067121361DC4009B950E /* AlarmController.swift in Sources */ = {isa = PBXBuildFile; fileRef = 1C75067021361DC4009B950E /* AlarmController.swift */; };
/* End PBXBuildFile section */

/* Begin PBXFileReference section */
		1C457EEB2135F6E100D61DC6 /* Alarm2.app */ = {isa = PBXFileReference; explicitFileType = wrapper.application; includeInIndex = 0; path = Alarm2.app; sourceTree = BUILT_PRODUCTS_DIR; };
		1C457EEE2135F6E100D61DC6 /* AppDelegate.swift */ = {isa = PBXFileReference; lastKnownFileType = sourcecode.swift; path = AppDelegate.swift; sourceTree = "<group>"; };
		1C457EF52135F6E100D61DC6 /* Assets.xcassets */ = {isa = PBXFileReference; lastKnownFileType = folder.assetcatalog; path = Assets.xcassets; sourceTree = "<group>"; };
		1C457EF82135F6E100D61DC6 /* Base */ = {isa = PBXFileReference; lastKnownFileType = file.storyboard; name = Base; path = Base.lproj/LaunchScreen.storyboard; sourceTree = "<group>"; };
		1C457EFA2135F6E100D61DC6 /* Info.plist */ = {isa = PBXFileReference; lastKnownFileType = text.plist.xml; path = Info.plist; sourceTree = "<group>"; };
		1C457F0E2136171100D61DC6 /* Main.storyboard */ = {isa = PBXFileReference; fileEncoding = 4; lastKnownFileType = file.storyboard; path = Main.storyboard; sourceTree = "<group>"; };
		1C457F12213617CD00D61DC6 /* AlarmListTableViewController.swift */ = {isa = PBXFileReference; lastKnownFileType = sourcecode.swift; path = AlarmListTableViewController.swift; sourceTree = "<group>"; };
		1C457F142136183000D61DC6 /* AlarmDetailTableViewController.swift */ = {isa = PBXFileReference; lastKnownFileType = sourcecode.swift; path = AlarmDetailTableViewController.swift; sourceTree = "<group>"; };
		1C457F16213618D700D61DC6 /* SwitchTableViewCell.swift */ = {isa = PBXFileReference; lastKnownFileType = sourcecode.swift; path = SwitchTableViewCell.swift; sourceTree = "<group>"; };
		1C457F1821361B1100D61DC6 /* Alarm.swift */ = {isa = PBXFileReference; lastKnownFileType = sourcecode.swift; path = Alarm.swift; sourceTree = "<group>"; };
		1C75067021361DC4009B950E /* AlarmController.swift */ = {isa = PBXFileReference; lastKnownFileType = sourcecode.swift; path = AlarmController.swift; sourceTree = "<group>"; };
/* End PBXFileReference section */

/* Begin PBXFrameworksBuildPhase section */
		1C457EE82135F6E100D61DC6 /* Frameworks */ = {
			isa = PBXFrameworksBuildPhase;
			buildActionMask = 2147483647;
			files = (
			);
			runOnlyForDeploymentPostprocessing = 0;
		};
/* End PBXFrameworksBuildPhase section */

/* Begin PBXGroup section */
		1C457EE22135F6E000D61DC6 = {
			isa = PBXGroup;
			children = (
				1C457EED2135F6E100D61DC6 /* Alarm2 */,
				1C457EEC2135F6E100D61DC6 /* Products */,
			);
			sourceTree = "<group>";
		};
		1C457EEC2135F6E100D61DC6 /* Products */ = {
			isa = PBXGroup;
			children = (
				1C457EEB2135F6E100D61DC6 /* Alarm2.app */,
			);
			name = Products;
			sourceTree = "<group>";
		};
		1C457EED2135F6E100D61DC6 /* Alarm2 */ = {
			isa = PBXGroup;
			children = (
				1C457F032135F73B00D61DC6 /* Resources */,
				1C457F022135F73300D61DC6 /* Models */,
				1C457F002135F71D00D61DC6 /* Views */,
				1C457F012135F72700D61DC6 /* Controllers */,
			);
			path = Alarm2;
			sourceTree = "<group>";
		};
		1C457F002135F71D00D61DC6 /* Views */ = {
			isa = PBXGroup;
			children = (
				1C457F0E2136171100D61DC6 /* Main.storyboard */,
				1C457F16213618D700D61DC6 /* SwitchTableViewCell.swift */,
			);
			path = Views;
			sourceTree = "<group>";
		};
		1C457F012135F72700D61DC6 /* Controllers */ = {
			isa = PBXGroup;
			children = (
				1C457F12213617CD00D61DC6 /* AlarmListTableViewController.swift */,
				1C457F142136183000D61DC6 /* AlarmDetailTableViewController.swift */,
				1C75067021361DC4009B950E /* AlarmController.swift */,
				1C457EFA2135F6E100D61DC6 /* Info.plist */,
			);
			path = Controllers;
			sourceTree = "<group>";
		};
		1C457F022135F73300D61DC6 /* Models */ = {
			isa = PBXGroup;
			children = (
				1C457F1821361B1100D61DC6 /* Alarm.swift */,
			);
			path = Models;
			sourceTree = "<group>";
		};
		1C457F032135F73B00D61DC6 /* Resources */ = {
			isa = PBXGroup;
			children = (
				1C457EEE2135F6E100D61DC6 /* AppDelegate.swift */,
				1C457EF52135F6E100D61DC6 /* Assets.xcassets */,
				1C457EF72135F6E100D61DC6 /* LaunchScreen.storyboard */,
			);
			path = Resources;
			sourceTree = "<group>";
		};
/* End PBXGroup section */

/* Begin PBXNativeTarget section */
		1C457EEA2135F6E100D61DC6 /* Alarm2 */ = {
			isa = PBXNativeTarget;
			buildConfigurationList = 1C457EFD2135F6E100D61DC6 /* Build configuration list for PBXNativeTarget "Alarm2" */;
			buildPhases = (
				1C457EE72135F6E100D61DC6 /* Sources */,
				1C457EE82135F6E100D61DC6 /* Frameworks */,
				1C457EE92135F6E100D61DC6 /* Resources */,
			);
			buildRules = (
			);
			dependencies = (
			);
			name = Alarm2;
			productName = Alarm2;
			productReference = 1C457EEB2135F6E100D61DC6 /* Alarm2.app */;
			productType = "com.apple.product-type.application";
		};
/* End PBXNativeTarget section */

/* Begin PBXProject section */
		1C457EE32135F6E000D61DC6 /* Project object */ = {
			isa = PBXProject;
			attributes = {
				LastSwiftUpdateCheck = 0940;
				LastUpgradeCheck = 0940;
				ORGANIZATIONNAME = "Quinten Smith";
				TargetAttributes = {
					1C457EEA2135F6E100D61DC6 = {
						CreatedOnToolsVersion = 9.4.1;
					};
				};
			};
			buildConfigurationList = 1C457EE62135F6E000D61DC6 /* Build configuration list for PBXProject "Alarm2" */;
			compatibilityVersion = "Xcode 9.3";
			developmentRegion = en;
			hasScannedForEncodings = 0;
			knownRegions = (
				en,
				Base,
			);
			mainGroup = 1C457EE22135F6E000D61DC6;
			productRefGroup = 1C457EEC2135F6E100D61DC6 /* Products */;
			projectDirPath = "";
			projectRoot = "";
			targets = (
				1C457EEA2135F6E100D61DC6 /* Alarm2 */,
			);
		};
/* End PBXProject section */

/* Begin PBXResourcesBuildPhase section */
		1C457EE92135F6E100D61DC6 /* Resources */ = {
			isa = PBXResourcesBuildPhase;
			buildActionMask = 2147483647;
			files = (
				1C457F0F2136171100D61DC6 /* Main.storyboard in Resources */,
				1C457EF92135F6E100D61DC6 /* LaunchScreen.storyboard in Resources */,
				1C457EF62135F6E100D61DC6 /* Assets.xcassets in Resources */,
			);
			runOnlyForDeploymentPostprocessing = 0;
		};
/* End PBXResourcesBuildPhase section */

/* Begin PBXSourcesBuildPhase section */
		1C457EE72135F6E100D61DC6 /* Sources */ = {
			isa = PBXSourcesBuildPhase;
			buildActionMask = 2147483647;
			files = (
				1C457F152136183000D61DC6 /* AlarmDetailTableViewController.swift in Sources */,
				1C457F17213618D700D61DC6 /* SwitchTableViewCell.swift in Sources */,
				1C457F1921361B1100D61DC6 /* Alarm.swift in Sources */,
				1C457EEF2135F6E100D61DC6 /* AppDelegate.swift in Sources */,
				1C457F13213617CD00D61DC6 /* AlarmListTableViewController.swift in Sources */,
				1C75067121361DC4009B950E /* AlarmController.swift in Sources */,
			);
			runOnlyForDeploymentPostprocessing = 0;
		};
/* End PBXSourcesBuildPhase section */

/* Begin PBXVariantGroup section */
		1C457EF72135F6E100D61DC6 /* LaunchScreen.storyboard */ = {
			isa = PBXVariantGroup;
			children = (
				1C457EF82135F6E100D61DC6 /* Base */,
			);
			name = LaunchScreen.storyboard;
			sourceTree = "<group>";
		};
/* End PBXVariantGroup section */

/* Begin XCBuildConfiguration section */
		1C457EFB2135F6E100D61DC6 /* Debug */ = {
			isa = XCBuildConfiguration;
			buildSettings = {
				ALWAYS_SEARCH_USER_PATHS = NO;
				CLANG_ANALYZER_NONNULL = YES;
				CLANG_ANALYZER_NUMBER_OBJECT_CONVERSION = YES_AGGRESSIVE;
				CLANG_CXX_LANGUAGE_STANDARD = "gnu++14";
				CLANG_CXX_LIBRARY = "libc++";
				CLANG_ENABLE_MODULES = YES;
				CLANG_ENABLE_OBJC_ARC = YES;
				CLANG_ENABLE_OBJC_WEAK = YES;
				CLANG_WARN_BLOCK_CAPTURE_AUTORELEASING = YES;
				CLANG_WARN_BOOL_CONVERSION = YES;
				CLANG_WARN_COMMA = YES;
				CLANG_WARN_CONSTANT_CONVERSION = YES;
				CLANG_WARN_DEPRECATED_OBJC_IMPLEMENTATIONS = YES;
				CLANG_WARN_DIRECT_OBJC_ISA_USAGE = YES_ERROR;
				CLANG_WARN_DOCUMENTATION_COMMENTS = YES;
				CLANG_WARN_EMPTY_BODY = YES;
				CLANG_WARN_ENUM_CONVERSION = YES;
				CLANG_WARN_INFINITE_RECURSION = YES;
				CLANG_WARN_INT_CONVERSION = YES;
				CLANG_WARN_NON_LITERAL_NULL_CONVERSION = YES;
				CLANG_WARN_OBJC_IMPLICIT_RETAIN_SELF = YES;
				CLANG_WARN_OBJC_LITERAL_CONVERSION = YES;
				CLANG_WARN_OBJC_ROOT_CLASS = YES_ERROR;
				CLANG_WARN_RANGE_LOOP_ANALYSIS = YES;
				CLANG_WARN_STRICT_PROTOTYPES = YES;
				CLANG_WARN_SUSPICIOUS_MOVE = YES;
				CLANG_WARN_UNGUARDED_AVAILABILITY = YES_AGGRESSIVE;
				CLANG_WARN_UNREACHABLE_CODE = YES;
				CLANG_WARN__DUPLICATE_METHOD_MATCH = YES;
				CODE_SIGN_IDENTITY = "iPhone Developer";
				COPY_PHASE_STRIP = NO;
				DEBUG_INFORMATION_FORMAT = dwarf;
				ENABLE_STRICT_OBJC_MSGSEND = YES;
				ENABLE_TESTABILITY = YES;
				GCC_C_LANGUAGE_STANDARD = gnu11;
				GCC_DYNAMIC_NO_PIC = NO;
				GCC_NO_COMMON_BLOCKS = YES;
				GCC_OPTIMIZATION_LEVEL = 0;
				GCC_PREPROCESSOR_DEFINITIONS = (
					"DEBUG=1",
					"$(inherited)",
				);
				GCC_WARN_64_TO_32_BIT_CONVERSION = YES;
				GCC_WARN_ABOUT_RETURN_TYPE = YES_ERROR;
				GCC_WARN_UNDECLARED_SELECTOR = YES;
				GCC_WARN_UNINITIALIZED_AUTOS = YES_AGGRESSIVE;
				GCC_WARN_UNUSED_FUNCTION = YES;
				GCC_WARN_UNUSED_VARIABLE = YES;
				IPHONEOS_DEPLOYMENT_TARGET = 11.4;
				MTL_ENABLE_DEBUG_INFO = YES;
				ONLY_ACTIVE_ARCH = YES;
				SDKROOT = iphoneos;
				SWIFT_ACTIVE_COMPILATION_CONDITIONS = DEBUG;
				SWIFT_OPTIMIZATION_LEVEL = "-Onone";
			};
			name = Debug;
		};
		1C457EFC2135F6E100D61DC6 /* Release */ = {
			isa = XCBuildConfiguration;
			buildSettings = {
				ALWAYS_SEARCH_USER_PATHS = NO;
				CLANG_ANALYZER_NONNULL = YES;
				CLANG_ANALYZER_NUMBER_OBJECT_CONVERSION = YES_AGGRESSIVE;
				CLANG_CXX_LANGUAGE_STANDARD = "gnu++14";
				CLANG_CXX_LIBRARY = "libc++";
				CLANG_ENABLE_MODULES = YES;
				CLANG_ENABLE_OBJC_ARC = YES;
				CLANG_ENABLE_OBJC_WEAK = YES;
				CLANG_WARN_BLOCK_CAPTURE_AUTORELEASING = YES;
				CLANG_WARN_BOOL_CONVERSION = YES;
				CLANG_WARN_COMMA = YES;
				CLANG_WARN_CONSTANT_CONVERSION = YES;
				CLANG_WARN_DEPRECATED_OBJC_IMPLEMENTATIONS = YES;
				CLANG_WARN_DIRECT_OBJC_ISA_USAGE = YES_ERROR;
				CLANG_WARN_DOCUMENTATION_COMMENTS = YES;
				CLANG_WARN_EMPTY_BODY = YES;
				CLANG_WARN_ENUM_CONVERSION = YES;
				CLANG_WARN_INFINITE_RECURSION = YES;
				CLANG_WARN_INT_CONVERSION = YES;
				CLANG_WARN_NON_LITERAL_NULL_CONVERSION = YES;
				CLANG_WARN_OBJC_IMPLICIT_RETAIN_SELF = YES;
				CLANG_WARN_OBJC_LITERAL_CONVERSION = YES;
				CLANG_WARN_OBJC_ROOT_CLASS = YES_ERROR;
				CLANG_WARN_RANGE_LOOP_ANALYSIS = YES;
				CLANG_WARN_STRICT_PROTOTYPES = YES;
				CLANG_WARN_SUSPICIOUS_MOVE = YES;
				CLANG_WARN_UNGUARDED_AVAILABILITY = YES_AGGRESSIVE;
				CLANG_WARN_UNREACHABLE_CODE = YES;
				CLANG_WARN__DUPLICATE_METHOD_MATCH = YES;
				CODE_SIGN_IDENTITY = "iPhone Developer";
				COPY_PHASE_STRIP = NO;
				DEBUG_INFORMATION_FORMAT = "dwarf-with-dsym";
				ENABLE_NS_ASSERTIONS = NO;
				ENABLE_STRICT_OBJC_MSGSEND = YES;
				GCC_C_LANGUAGE_STANDARD = gnu11;
				GCC_NO_COMMON_BLOCKS = YES;
				GCC_WARN_64_TO_32_BIT_CONVERSION = YES;
				GCC_WARN_ABOUT_RETURN_TYPE = YES_ERROR;
				GCC_WARN_UNDECLARED_SELECTOR = YES;
				GCC_WARN_UNINITIALIZED_AUTOS = YES_AGGRESSIVE;
				GCC_WARN_UNUSED_FUNCTION = YES;
				GCC_WARN_UNUSED_VARIABLE = YES;
				IPHONEOS_DEPLOYMENT_TARGET = 11.4;
				MTL_ENABLE_DEBUG_INFO = NO;
				SDKROOT = iphoneos;
				SWIFT_COMPILATION_MODE = wholemodule;
				SWIFT_OPTIMIZATION_LEVEL = "-O";
				VALIDATE_PRODUCT = YES;
			};
			name = Release;
		};
		1C457EFE2135F6E100D61DC6 /* Debug */ = {
			isa = XCBuildConfiguration;
			buildSettings = {
				ASSETCATALOG_COMPILER_APPICON_NAME = AppIcon;
				CODE_SIGN_STYLE = Automatic;
				INFOPLIST_FILE = "$(SRCROOT)/Alarm2/Controllers/Info.plist";
				LD_RUNPATH_SEARCH_PATHS = (
					"$(inherited)",
					"@executable_path/Frameworks",
				);
				PRODUCT_BUNDLE_IDENTIFIER = com.example.Alarm2;
				PRODUCT_NAME = "$(TARGET_NAME)";
				SWIFT_VERSION = 4.0;
				TARGETED_DEVICE_FAMILY = "1,2";
			};
			name = Debug;
		};
		1C457EFF2135F6E100D61DC6 /* Release */ = {
			isa = XCBuildConfiguration;
			buildSettings = {
				ASSETCATALOG_COMPILER_APPICON_NAME = AppIcon;
				CODE_SIGN_STYLE = Automatic;
				INFOPLIST_FILE = "$(SRCROOT)/Alarm2/Controllers/Info.plist";
				LD_RUNPATH_SEARCH_PATHS = (
					"$(inherited)",
					"@executable_path/Frameworks",
				);
				PRODUCT_BUNDLE_IDENTIFIER = com.example.Alarm2;
				PRODUCT_NAME = "$(TARGET_NAME)";
				SWIFT_VERSION = 4.0;
				TARGETED_DEVICE_FAMILY = "1,2";
			};
			name = Release;
		};
/* End XCBuildConfiguration section */

/* Begin XCConfigurationList section */
		1C457EE62135F6E000D61DC6 /* Build configuration list for PBXProject "Alarm2" */ = {
			isa = XCConfigurationList;
			buildConfigurations = (
				1C457EFB2135F6E100D61DC6 /* Debug */,
				1C457EFC2135F6E100D61DC6 /* Release */,
			);
			defaultConfigurationIsVisible = 0;
			defaultConfigurationName = Release;
		};
		1C457EFD2135F6E100D61DC6 /* Build configuration list for PBXNativeTarget "Alarm2" */ = {
			isa = XCConfigurationList;
			buildConfigurations = (
				1C457EFE2135F6E100D61DC6 /* Debug */,
				1C457EFF2135F6E100D61DC6 /* Release */,
			);
			defaultConfigurationIsVisible = 0;
			defaultConfigurationName = Release;
		};
/* End XCConfigurationList section */
	};
	rootObject = 1C457EE32135F6E000D61DC6 /* Project object */;
}
